<?xml version="1.0" encoding="utf-8"?>
<Project ToolsVersion="4.0" xmlns="http://schemas.microsoft.com/developer/msbuild/2003">
  <ItemGroup>
    <Filter Include="Source Files">
      <UniqueIdentifier>{4FC737F1-C7A5-4376-A066-2A32D752A2FF}</UniqueIdentifier>
      <Extensions>cpp;c;cc;cxx;c++;def;odl;idl;hpj;bat;asm;asmx</Extensions>
    </Filter>
    <Filter Include="Header Files">
      <UniqueIdentifier>{93995380-89BD-4b04-88EB-625FBE52EBFB}</UniqueIdentifier>
      <Extensions>h;hh;hpp;hxx;h++;hm;inl;inc;ipp;xsd</Extensions>
    </Filter>
    <Filter Include="Resource Files">
      <UniqueIdentifier>{67DA6AB6-F800-4c08-8B7A-83BB121AAD01}</UniqueIdentifier>
      <Extensions>rc;ico;cur;bmp;dlg;rc2;rct;bin;rgs;gif;jpg;jpeg;jpe;resx;tiff;tif;png;wav;mfcribbon-ms</Extensions>
    </Filter>
    <Filter Include="Levels">
      <UniqueIdentifier>{795ade52-f29e-469f-9b5b-f364953f6120}</UniqueIdentifier>
    </Filter>
    <Filter Include="Levels\Sources">
      <UniqueIdentifier>{bde0ea73-efcb-468a-b822-52e337fbbe03}</UniqueIdentifier>
    </Filter>
    <Filter Include="Levels\Headers">
      <UniqueIdentifier>{6109deca-ed03-4951-a4c2-241634f5ddb7}</UniqueIdentifier>
    </Filter>
  </ItemGroup>
  <ItemGroup>
    <ClCompile Include="Sources\main.cpp">
      <Filter>Source Files</Filter>
    </ClCompile>
    <ClCompile Include="Sources\GJK.cpp">
      <Filter>Source Files</Filter>
    </ClCompile>
    <ClCompile Include="Sources\PolygonGen.cpp">
      <Filter>Source Files</Filter>
    </ClCompile>
    <ClCompile Include="Sources\Collision.cpp">
      <Filter>Source Files</Filter>
    </ClCompile>
    <ClCompile Include="Sources\VertexPool.cpp">
      <Filter>Source Files</Filter>
    </ClCompile>
    <ClCompile Include="Sources\Shapes.cpp">
      <Filter>Source Files</Filter>
    </ClCompile>
    <ClCompile Include="Sources\PerfBench.cpp">
      <Filter>Levels\Sources</Filter>
    </ClCompile>
    <ClCompile Include="Sources\AlgDebugger.cpp">
      <Filter>Levels\Sources</Filter>
    </ClCompile>
  </ItemGroup>
  <ItemGroup>
    <ClInclude Include="Include\PolygonGen.hpp">
      <Filter>Header Files</Filter>
    </ClInclude>
    <ClInclude Include="Include\VertexPool.hpp">
      <Filter>Header Files</Filter>
    </ClInclude>
    <ClInclude Include="Include\GJK.hpp">
      <Filter>Header Files</Filter>
    </ClInclude>
    <ClInclude Include="Include\Collision.hpp">
      <Filter>Header Files</Filter>
    </ClInclude>
    <ClInclude Include="Include\Constants.hpp">
      <Filter>Header Files</Filter>
    </ClInclude>
    <ClInclude Include="Include\Visualization.hpp">
      <Filter>Header Files</Filter>
    </ClInclude>
    <ClInclude Include="Include\Shapes.hpp">
      <Filter>Header Files</Filter>
    </ClInclude>
    <ClInclude Include="Include\PerfBench.hpp">
      <Filter>Levels\Headers</Filter>
    </ClInclude>
    <ClInclude Include="Include\Level.hpp">
      <Filter>Levels\Headers</Filter>
    </ClInclude>
    <ClInclude Include="Include\AlgDebugger.hpp">
      <Filter>Levels\Headers</Filter>
    </ClInclude>
  </ItemGroup>
</Project>